// !$*UTF8*$!
{
	archiveVersion = 1;
	classes = {
	};
	objectVersion = 46;
	objects = {

/* Begin PBXBuildFile section */
		3BD17D08734CC27D32B7325B /* libPods-VKSnifferDemo.a in Frameworks */ = {isa = PBXBuildFile; fileRef = DE2D964D7340892D1C836BED /* libPods-VKSnifferDemo.a */; };
		6CA85A6D1E6D538B00FD9EDF /* main.m in Sources */ = {isa = PBXBuildFile; fileRef = 6CA85A6C1E6D538B00FD9EDF /* main.m */; };
		6CA85A701E6D538B00FD9EDF /* AppDelegate.m in Sources */ = {isa = PBXBuildFile; fileRef = 6CA85A6F1E6D538B00FD9EDF /* AppDelegate.m */; };
		6CA85A731E6D538B00FD9EDF /* ViewController.m in Sources */ = {isa = PBXBuildFile; fileRef = 6CA85A721E6D538B00FD9EDF /* ViewController.m */; };
		6CA85A761E6D538B00FD9EDF /* Main.storyboard in Resources */ = {isa = PBXBuildFile; fileRef = 6CA85A741E6D538B00FD9EDF /* Main.storyboard */; };
		6CA85A781E6D538B00FD9EDF /* Assets.xcassets in Resources */ = {isa = PBXBuildFile; fileRef = 6CA85A771E6D538B00FD9EDF /* Assets.xcassets */; };
		6CA85A7B1E6D538B00FD9EDF /* LaunchScreen.storyboard in Resources */ = {isa = PBXBuildFile; fileRef = 6CA85A791E6D538B00FD9EDF /* LaunchScreen.storyboard */; };
		6CA85A851E6D53F800FD9EDF /* VKSniffer.m in Sources */ = {isa = PBXBuildFile; fileRef = 6CA85A841E6D53F800FD9EDF /* VKSniffer.m */; };
		6CA85A881E6D541200FD9EDF /* VKSnifferProtocol.m in Sources */ = {isa = PBXBuildFile; fileRef = 6CA85A871E6D541200FD9EDF /* VKSnifferProtocol.m */; };
		6CA85A951E7296D100FD9EDF /* VKSnifferWindow.m in Sources */ = {isa = PBXBuildFile; fileRef = 6CA85A941E7296D100FD9EDF /* VKSnifferWindow.m */; };
		6CA85A981E7296E200FD9EDF /* VKSnifferViewController.m in Sources */ = {isa = PBXBuildFile; fileRef = 6CA85A971E7296E200FD9EDF /* VKSnifferViewController.m */; };
		6CA85A9B1E72C3BA00FD9EDF /* VKSniffer+UI.m in Sources */ = {isa = PBXBuildFile; fileRef = 6CA85A9A1E72C3BA00FD9EDF /* VKSniffer+UI.m */; };
		6CA85AA21E73A47900FD9EDF /* VKSnifferCell.m in Sources */ = {isa = PBXBuildFile; fileRef = 6CA85AA11E73A47900FD9EDF /* VKSnifferCell.m */; };
		6CA85AA51E73A88000FD9EDF /* VKSnifferResult+UI.m in Sources */ = {isa = PBXBuildFile; fileRef = 6CA85AA41E73A88000FD9EDF /* VKSnifferResult+UI.m */; };
/* End PBXBuildFile section */

/* Begin PBXFileReference section */
		6CA85A681E6D538B00FD9EDF /* VKSnifferDemo.app */ = {isa = PBXFileReference; explicitFileType = wrapper.application; includeInIndex = 0; path = VKSnifferDemo.app; sourceTree = BUILT_PRODUCTS_DIR; };
		6CA85A6C1E6D538B00FD9EDF /* main.m */ = {isa = PBXFileReference; lastKnownFileType = sourcecode.c.objc; path = main.m; sourceTree = "<group>"; };
		6CA85A6E1E6D538B00FD9EDF /* AppDelegate.h */ = {isa = PBXFileReference; lastKnownFileType = sourcecode.c.h; path = AppDelegate.h; sourceTree = "<group>"; };
		6CA85A6F1E6D538B00FD9EDF /* AppDelegate.m */ = {isa = PBXFileReference; lastKnownFileType = sourcecode.c.objc; path = AppDelegate.m; sourceTree = "<group>"; };
		6CA85A711E6D538B00FD9EDF /* ViewController.h */ = {isa = PBXFileReference; lastKnownFileType = sourcecode.c.h; path = ViewController.h; sourceTree = "<group>"; };
		6CA85A721E6D538B00FD9EDF /* ViewController.m */ = {isa = PBXFileReference; lastKnownFileType = sourcecode.c.objc; path = ViewController.m; sourceTree = "<group>"; };
		6CA85A751E6D538B00FD9EDF /* Base */ = {isa = PBXFileReference; lastKnownFileType = file.storyboard; name = Base; path = Base.lproj/Main.storyboard; sourceTree = "<group>"; };
		6CA85A771E6D538B00FD9EDF /* Assets.xcassets */ = {isa = PBXFileReference; lastKnownFileType = folder.assetcatalog; path = Assets.xcassets; sourceTree = "<group>"; };
		6CA85A7A1E6D538B00FD9EDF /* Base */ = {isa = PBXFileReference; lastKnownFileType = file.storyboard; name = Base; path = Base.lproj/LaunchScreen.storyboard; sourceTree = "<group>"; };
		6CA85A7C1E6D538B00FD9EDF /* Info.plist */ = {isa = PBXFileReference; lastKnownFileType = text.plist.xml; path = Info.plist; sourceTree = "<group>"; };
		6CA85A831E6D53F800FD9EDF /* VKSniffer.h */ = {isa = PBXFileReference; fileEncoding = 4; lastKnownFileType = sourcecode.c.h; path = VKSniffer.h; sourceTree = "<group>"; };
		6CA85A841E6D53F800FD9EDF /* VKSniffer.m */ = {isa = PBXFileReference; fileEncoding = 4; lastKnownFileType = sourcecode.c.objc; path = VKSniffer.m; sourceTree = "<group>"; };
		6CA85A861E6D541200FD9EDF /* VKSnifferProtocol.h */ = {isa = PBXFileReference; fileEncoding = 4; lastKnownFileType = sourcecode.c.h; path = VKSnifferProtocol.h; sourceTree = "<group>"; };
		6CA85A871E6D541200FD9EDF /* VKSnifferProtocol.m */ = {isa = PBXFileReference; fileEncoding = 4; lastKnownFileType = sourcecode.c.objc; path = VKSnifferProtocol.m; sourceTree = "<group>"; };
		6CA85A931E7296D100FD9EDF /* VKSnifferWindow.h */ = {isa = PBXFileReference; fileEncoding = 4; lastKnownFileType = sourcecode.c.h; path = VKSnifferWindow.h; sourceTree = "<group>"; };
		6CA85A941E7296D100FD9EDF /* VKSnifferWindow.m */ = {isa = PBXFileReference; fileEncoding = 4; lastKnownFileType = sourcecode.c.objc; path = VKSnifferWindow.m; sourceTree = "<group>"; };
		6CA85A961E7296E200FD9EDF /* VKSnifferViewController.h */ = {isa = PBXFileReference; fileEncoding = 4; lastKnownFileType = sourcecode.c.h; path = VKSnifferViewController.h; sourceTree = "<group>"; };
		6CA85A971E7296E200FD9EDF /* VKSnifferViewController.m */ = {isa = PBXFileReference; fileEncoding = 4; lastKnownFileType = sourcecode.c.objc; path = VKSnifferViewController.m; sourceTree = "<group>"; };
		6CA85A991E72C3BA00FD9EDF /* VKSniffer+UI.h */ = {isa = PBXFileReference; fileEncoding = 4; lastKnownFileType = sourcecode.c.h; path = "VKSniffer+UI.h"; sourceTree = "<group>"; };
		6CA85A9A1E72C3BA00FD9EDF /* VKSniffer+UI.m */ = {isa = PBXFileReference; fileEncoding = 4; lastKnownFileType = sourcecode.c.objc; path = "VKSniffer+UI.m"; sourceTree = "<group>"; };
		6CA85AA01E73A47900FD9EDF /* VKSnifferCell.h */ = {isa = PBXFileReference; fileEncoding = 4; lastKnownFileType = sourcecode.c.h; path = VKSnifferCell.h; sourceTree = "<group>"; };
		6CA85AA11E73A47900FD9EDF /* VKSnifferCell.m */ = {isa = PBXFileReference; fileEncoding = 4; lastKnownFileType = sourcecode.c.objc; path = VKSnifferCell.m; sourceTree = "<group>"; };
		6CA85AA31E73A88000FD9EDF /* VKSnifferResult+UI.h */ = {isa = PBXFileReference; fileEncoding = 4; lastKnownFileType = sourcecode.c.h; path = "VKSnifferResult+UI.h"; sourceTree = "<group>"; };
		6CA85AA41E73A88000FD9EDF /* VKSnifferResult+UI.m */ = {isa = PBXFileReference; fileEncoding = 4; lastKnownFileType = sourcecode.c.objc; path = "VKSnifferResult+UI.m"; sourceTree = "<group>"; };
		90901BD52555F2E52065544C /* Pods-VKSnifferDemo.release.xcconfig */ = {isa = PBXFileReference; includeInIndex = 1; lastKnownFileType = text.xcconfig; name = "Pods-VKSnifferDemo.release.xcconfig"; path = "Pods/Target Support Files/Pods-VKSnifferDemo/Pods-VKSnifferDemo.release.xcconfig"; sourceTree = "<group>"; };
		BE715BB1A2D7A0D49B22CFC9 /* Pods-VKSnifferDemo.debug.xcconfig */ = {isa = PBXFileReference; includeInIndex = 1; lastKnownFileType = text.xcconfig; name = "Pods-VKSnifferDemo.debug.xcconfig"; path = "Pods/Target Support Files/Pods-VKSnifferDemo/Pods-VKSnifferDemo.debug.xcconfig"; sourceTree = "<group>"; };
		DE2D964D7340892D1C836BED /* libPods-VKSnifferDemo.a */ = {isa = PBXFileReference; explicitFileType = archive.ar; includeInIndex = 0; path = "libPods-VKSnifferDemo.a"; sourceTree = BUILT_PRODUCTS_DIR; };
/* End PBXFileReference section */

/* Begin PBXFrameworksBuildPhase section */
		6CA85A651E6D538B00FD9EDF /* Frameworks */ = {
			isa = PBXFrameworksBuildPhase;
			buildActionMask = 2147483647;
			files = (
				3BD17D08734CC27D32B7325B /* libPods-VKSnifferDemo.a in Frameworks */,
			);
			runOnlyForDeploymentPostprocessing = 0;
		};
/* End PBXFrameworksBuildPhase section */

/* Begin PBXGroup section */
		6CA85A5F1E6D538B00FD9EDF = {
			isa = PBXGroup;
			children = (
				6CA85A911E71280900FD9EDF /* VKSnifferUI */,
				6CA85A821E6D53A400FD9EDF /* VKSniffer */,
				6CA85A6A1E6D538B00FD9EDF /* VKSnifferDemo */,
				6CA85A691E6D538B00FD9EDF /* Products */,
				AB4E6DAEF47D835EFE48AD69 /* Pods */,
				B9CAFC5A4B20A575DC5F5DC5 /* Frameworks */,
			);
			sourceTree = "<group>";
		};
		6CA85A691E6D538B00FD9EDF /* Products */ = {
			isa = PBXGroup;
			children = (
				6CA85A681E6D538B00FD9EDF /* VKSnifferDemo.app */,
			);
			name = Products;
			sourceTree = "<group>";
		};
		6CA85A6A1E6D538B00FD9EDF /* VKSnifferDemo */ = {
			isa = PBXGroup;
			children = (
				6CA85A6E1E6D538B00FD9EDF /* AppDelegate.h */,
				6CA85A6F1E6D538B00FD9EDF /* AppDelegate.m */,
				6CA85A711E6D538B00FD9EDF /* ViewController.h */,
				6CA85A721E6D538B00FD9EDF /* ViewController.m */,
				6CA85A741E6D538B00FD9EDF /* Main.storyboard */,
				6CA85A771E6D538B00FD9EDF /* Assets.xcassets */,
				6CA85A791E6D538B00FD9EDF /* LaunchScreen.storyboard */,
				6CA85A7C1E6D538B00FD9EDF /* Info.plist */,
				6CA85A6B1E6D538B00FD9EDF /* Supporting Files */,
			);
			path = VKSnifferDemo;
			sourceTree = "<group>";
		};
		6CA85A6B1E6D538B00FD9EDF /* Supporting Files */ = {
			isa = PBXGroup;
			children = (
				6CA85A6C1E6D538B00FD9EDF /* main.m */,
			);
			name = "Supporting Files";
			sourceTree = "<group>";
		};
		6CA85A821E6D53A400FD9EDF /* VKSniffer */ = {
			isa = PBXGroup;
			children = (
				6CA85A831E6D53F800FD9EDF /* VKSniffer.h */,
				6CA85A841E6D53F800FD9EDF /* VKSniffer.m */,
				6CA85A861E6D541200FD9EDF /* VKSnifferProtocol.h */,
				6CA85A871E6D541200FD9EDF /* VKSnifferProtocol.m */,
			);
			name = VKSniffer;
			path = ../VKSniffer;
			sourceTree = "<group>";
		};
		6CA85A911E71280900FD9EDF /* VKSnifferUI */ = {
			isa = PBXGroup;
			children = (
				6CA85A931E7296D100FD9EDF /* VKSnifferWindow.h */,
				6CA85A941E7296D100FD9EDF /* VKSnifferWindow.m */,
				6CA85A961E7296E200FD9EDF /* VKSnifferViewController.h */,
				6CA85A971E7296E200FD9EDF /* VKSnifferViewController.m */,
				6CA85A991E72C3BA00FD9EDF /* VKSniffer+UI.h */,
				6CA85A9A1E72C3BA00FD9EDF /* VKSniffer+UI.m */,
				6CA85AA01E73A47900FD9EDF /* VKSnifferCell.h */,
				6CA85AA11E73A47900FD9EDF /* VKSnifferCell.m */,
				6CA85AA31E73A88000FD9EDF /* VKSnifferResult+UI.h */,
				6CA85AA41E73A88000FD9EDF /* VKSnifferResult+UI.m */,
			);
			name = VKSnifferUI;
			path = ../VKSnifferUI;
			sourceTree = "<group>";
		};
		AB4E6DAEF47D835EFE48AD69 /* Pods */ = {
			isa = PBXGroup;
			children = (
				BE715BB1A2D7A0D49B22CFC9 /* Pods-VKSnifferDemo.debug.xcconfig */,
				90901BD52555F2E52065544C /* Pods-VKSnifferDemo.release.xcconfig */,
			);
			name = Pods;
			sourceTree = "<group>";
		};
		B9CAFC5A4B20A575DC5F5DC5 /* Frameworks */ = {
			isa = PBXGroup;
			children = (
				DE2D964D7340892D1C836BED /* libPods-VKSnifferDemo.a */,
			);
			name = Frameworks;
			sourceTree = "<group>";
		};
/* End PBXGroup section */

/* Begin PBXNativeTarget section */
		6CA85A671E6D538B00FD9EDF /* VKSnifferDemo */ = {
			isa = PBXNativeTarget;
			buildConfigurationList = 6CA85A7F1E6D538B00FD9EDF /* Build configuration list for PBXNativeTarget "VKSnifferDemo" */;
			buildPhases = (
				8C974F2D7E32942694B5876C /* [CP] Check Pods Manifest.lock */,
				6CA85A641E6D538B00FD9EDF /* Sources */,
				6CA85A651E6D538B00FD9EDF /* Frameworks */,
				6CA85A661E6D538B00FD9EDF /* Resources */,
				559D93598BC802070A411630 /* [CP] Embed Pods Frameworks */,
				FCB7CDC287A7FDB17DE9A1ED /* [CP] Copy Pods Resources */,
			);
			buildRules = (
			);
			dependencies = (
			);
			name = VKSnifferDemo;
			productName = VKSnifferDemo;
			productReference = 6CA85A681E6D538B00FD9EDF /* VKSnifferDemo.app */;
			productType = "com.apple.product-type.application";
		};
/* End PBXNativeTarget section */

/* Begin PBXProject section */
		6CA85A601E6D538B00FD9EDF /* Project object */ = {
			isa = PBXProject;
			attributes = {
				LastUpgradeCheck = 0820;
				ORGANIZATIONNAME = baidu;
				TargetAttributes = {
					6CA85A671E6D538B00FD9EDF = {
						CreatedOnToolsVersion = 8.2.1;
						ProvisioningStyle = Automatic;
					};
				};
			};
			buildConfigurationList = 6CA85A631E6D538B00FD9EDF /* Build configuration list for PBXProject "VKSnifferDemo" */;
			compatibilityVersion = "Xcode 3.2";
			developmentRegion = English;
			hasScannedForEncodings = 0;
			knownRegions = (
				en,
				Base,
			);
			mainGroup = 6CA85A5F1E6D538B00FD9EDF;
			productRefGroup = 6CA85A691E6D538B00FD9EDF /* Products */;
			projectDirPath = "";
			projectRoot = "";
			targets = (
				6CA85A671E6D538B00FD9EDF /* VKSnifferDemo */,
			);
		};
/* End PBXProject section */

/* Begin PBXResourcesBuildPhase section */
		6CA85A661E6D538B00FD9EDF /* Resources */ = {
			isa = PBXResourcesBuildPhase;
			buildActionMask = 2147483647;
			files = (
				6CA85A7B1E6D538B00FD9EDF /* LaunchScreen.storyboard in Resources */,
				6CA85A781E6D538B00FD9EDF /* Assets.xcassets in Resources */,
				6CA85A761E6D538B00FD9EDF /* Main.storyboard in Resources */,
			);
			runOnlyForDeploymentPostprocessing = 0;
		};
/* End PBXResourcesBuildPhase section */

/* Begin PBXShellScriptBuildPhase section */
		559D93598BC802070A411630 /* [CP] Embed Pods Frameworks */ = {
			isa = PBXShellScriptBuildPhase;
			buildActionMask = 2147483647;
			files = (
			);
			inputPaths = (
			);
			name = "[CP] Embed Pods Frameworks";
			outputPaths = (
			);
			runOnlyForDeploymentPostprocessing = 0;
			shellPath = /bin/sh;
			shellScript = "\"${SRCROOT}/Pods/Target Support Files/Pods-VKSnifferDemo/Pods-VKSnifferDemo-frameworks.sh\"\n";
			showEnvVarsInLog = 0;
		};
		8C974F2D7E32942694B5876C /* [CP] Check Pods Manifest.lock */ = {
			isa = PBXShellScriptBuildPhase;
			buildActionMask = 2147483647;
			files = (
			);
			inputPaths = (
			);
			name = "[CP] Check Pods Manifest.lock";
			outputPaths = (
			);
			runOnlyForDeploymentPostprocessing = 0;
			shellPath = /bin/sh;
			shellScript = "diff \"${PODS_PODFILE_DIR_PATH}/Podfile.lock\" \"${PODS_ROOT}/Manifest.lock\" > /dev/null\nif [ $? != 0 ] ; then\n    # print error to STDERR\n    echo \"error: The sandbox is not in sync with the Podfile.lock. Run 'pod install' or update your CocoaPods installation.\" >&2\n    exit 1\nfi\n";
			showEnvVarsInLog = 0;
		};
		FCB7CDC287A7FDB17DE9A1ED /* [CP] Copy Pods Resources */ = {
			isa = PBXShellScriptBuildPhase;
			buildActionMask = 2147483647;
			files = (
			);
			inputPaths = (
			);
			name = "[CP] Copy Pods Resources";
			outputPaths = (
			);
			runOnlyForDeploymentPostprocessing = 0;
			shellPath = /bin/sh;
			shellScript = "\"${SRCROOT}/Pods/Target Support Files/Pods-VKSnifferDemo/Pods-VKSnifferDemo-resources.sh\"\n";
			showEnvVarsInLog = 0;
		};
/* End PBXShellScriptBuildPhase section */

/* Begin PBXSourcesBuildPhase section */
		6CA85A641E6D538B00FD9EDF /* Sources */ = {
			isa = PBXSourcesBuildPhase;
			buildActionMask = 2147483647;
			files = (
				6CA85A9B1E72C3BA00FD9EDF /* VKSniffer+UI.m in Sources */,
				6CA85A951E7296D100FD9EDF /* VKSnifferWindow.m in Sources */,
				6CA85A851E6D53F800FD9EDF /* VKSniffer.m in Sources */,
				6CA85A731E6D538B00FD9EDF /* ViewController.m in Sources */,
				6CA85A981E7296E200FD9EDF /* VKSnifferViewController.m in Sources */,
				6CA85AA51E73A88000FD9EDF /* VKSnifferResult+UI.m in Sources */,
				6CA85A701E6D538B00FD9EDF /* AppDelegate.m in Sources */,
				6CA85AA21E73A47900FD9EDF /* VKSnifferCell.m in Sources */,
				6CA85A6D1E6D538B00FD9EDF /* main.m in Sources */,
				6CA85A881E6D541200FD9EDF /* VKSnifferProtocol.m in Sources */,
			);
			runOnlyForDeploymentPostprocessing = 0;
		};
/* End PBXSourcesBuildPhase section */

/* Begin PBXVariantGroup section */
		6CA85A741E6D538B00FD9EDF /* Main.storyboard */ = {
			isa = PBXVariantGroup;
			children = (
				6CA85A751E6D538B00FD9EDF /* Base */,
			);
			name = Main.storyboard;
			sourceTree = "<group>";
		};
		6CA85A791E6D538B00FD9EDF /* LaunchScreen.storyboard */ = {
			isa = PBXVariantGroup;
			children = (
				6CA85A7A1E6D538B00FD9EDF /* Base */,
			);
			name = LaunchScreen.storyboard;
			sourceTree = "<group>";
		};
/* End PBXVariantGroup section */

/* Begin XCBuildConfiguration section */
		6CA85A7D1E6D538B00FD9EDF /* Debug */ = {
			isa = XCBuildConfiguration;
			buildSettings = {
				ALWAYS_SEARCH_USER_PATHS = NO;
				CLANG_ANALYZER_NONNULL = YES;
				CLANG_CXX_LANGUAGE_STANDARD = "gnu++0x";
				CLANG_CXX_LIBRARY = "libc++";
				CLANG_ENABLE_MODULES = YES;
				CLANG_ENABLE_OBJC_ARC = YES;
				CLANG_WARN_BOOL_CONVERSION = YES;
				CLANG_WARN_CONSTANT_CONVERSION = YES;
				CLANG_WARN_DIRECT_OBJC_ISA_USAGE = YES_ERROR;
				CLANG_WARN_DOCUMENTATION_COMMENTS = YES;
				CLANG_WARN_EMPTY_BODY = YES;
				CLANG_WARN_ENUM_CONVERSION = YES;
				CLANG_WARN_INFINITE_RECURSION = YES;
				CLANG_WARN_INT_CONVERSION = YES;
				CLANG_WARN_OBJC_ROOT_CLASS = YES_ERROR;
				CLANG_WARN_SUSPICIOUS_MOVE = YES;
				CLANG_WARN_UNREACHABLE_CODE = YES;
				CLANG_WARN__DUPLICATE_METHOD_MATCH = YES;
				"CODE_SIGN_IDENTITY[sdk=iphoneos*]" = "iPhone Developer";
				COPY_PHASE_STRIP = NO;
				DEBUG_INFORMATION_FORMAT = dwarf;
				ENABLE_STRICT_OBJC_MSGSEND = YES;
				ENABLE_TESTABILITY = YES;
				GCC_C_LANGUAGE_STANDARD = gnu99;
				GCC_DYNAMIC_NO_PIC = NO;
				GCC_NO_COMMON_BLOCKS = YES;
				GCC_OPTIMIZATION_LEVEL = 0;
				GCC_PREPROCESSOR_DEFINITIONS = (
					"DEBUG=1",
					"$(inherited)",
				);
				GCC_WARN_64_TO_32_BIT_CONVERSION = YES;
				GCC_WARN_ABOUT_RETURN_TYPE = YES_ERROR;
				GCC_WARN_UNDECLARED_SELECTOR = YES;
				GCC_WARN_UNINITIALIZED_AUTOS = YES_AGGRESSIVE;
				GCC_WARN_UNUSED_FUNCTION = YES;
				GCC_WARN_UNUSED_VARIABLE = YES;
				IPHONEOS_DEPLOYMENT_TARGET = 10.2;
				MTL_ENABLE_DEBUG_INFO = YES;
				ONLY_ACTIVE_ARCH = YES;
				SDKROOT = iphoneos;
				TARGETED_DEVICE_FAMILY = "1,2";
			};
			name = Debug;
		};
		6CA85A7E1E6D538B00FD9EDF /* Release */ = {
			isa = XCBuildConfiguration;
			buildSettings = {
				ALWAYS_SEARCH_USER_PATHS = NO;
				CLANG_ANALYZER_NONNULL = YES;
				CLANG_CXX_LANGUAGE_STANDARD = "gnu++0x";
				CLANG_CXX_LIBRARY = "libc++";
				CLANG_ENABLE_MODULES = YES;
				CLANG_ENABLE_OBJC_ARC = YES;
				CLANG_WARN_BOOL_CONVERSION = YES;
				CLANG_WARN_CONSTANT_CONVERSION = YES;
				CLANG_WARN_DIRECT_OBJC_ISA_USAGE = YES_ERROR;
				CLANG_WARN_DOCUMENTATION_COMMENTS = YES;
				CLANG_WARN_EMPTY_BODY = YES;
				CLANG_WARN_ENUM_CONVERSION = YES;
				CLANG_WARN_INFINITE_RECURSION = YES;
				CLANG_WARN_INT_CONVERSION = YES;
				CLANG_WARN_OBJC_ROOT_CLASS = YES_ERROR;
				CLANG_WARN_SUSPICIOUS_MOVE = YES;
				CLANG_WARN_UNREACHABLE_CODE = YES;
				CLANG_WARN__DUPLICATE_METHOD_MATCH = YES;
				"CODE_SIGN_IDENTITY[sdk=iphoneos*]" = "iPhone Developer";
				COPY_PHASE_STRIP = NO;
				DEBUG_INFORMATION_FORMAT = "dwarf-with-dsym";
				ENABLE_NS_ASSERTIONS = NO;
				ENABLE_STRICT_OBJC_MSGSEND = YES;
				GCC_C_LANGUAGE_STANDARD = gnu99;
				GCC_NO_COMMON_BLOCKS = YES;
				GCC_WARN_64_TO_32_BIT_CONVERSION = YES;
				GCC_WARN_ABOUT_RETURN_TYPE = YES_ERROR;
				GCC_WARN_UNDECLARED_SELECTOR = YES;
				GCC_WARN_UNINITIALIZED_AUTOS = YES_AGGRESSIVE;
				GCC_WARN_UNUSED_FUNCTION = YES;
				GCC_WARN_UNUSED_VARIABLE = YES;
				IPHONEOS_DEPLOYMENT_TARGET = 10.2;
				MTL_ENABLE_DEBUG_INFO = NO;
				SDKROOT = iphoneos;
				TARGETED_DEVICE_FAMILY = "1,2";
				VALIDATE_PRODUCT = YES;
			};
			name = Release;
		};
		6CA85A801E6D538B00FD9EDF /* Debug */ = {
			isa = XCBuildConfiguration;
			baseConfigurationReference = BE715BB1A2D7A0D49B22CFC9 /* Pods-VKSnifferDemo.debug.xcconfig */;
			buildSettings = {
				ASSETCATALOG_COMPILER_APPICON_NAME = AppIcon;
				INFOPLIST_FILE = VKSnifferDemo/Info.plist;
				LD_RUNPATH_SEARCH_PATHS = "$(inherited) @executable_path/Frameworks";
				PRODUCT_BUNDLE_IDENTIFIER = com.baidu.VKSnifferDemo;
				PRODUCT_NAME = "$(TARGET_NAME)";
			};
			name = Debug;
		};
		6CA85A811E6D538B00FD9EDF /* Release */ = {
			isa = XCBuildConfiguration;
			baseConfigurationReference = 90901BD52555F2E52065544C /* Pods-VKSnifferDemo.release.xcconfig */;
			buildSettings = {
				ASSETCATALOG_COMPILER_APPICON_NAME = AppIcon;
				INFOPLIST_FILE = VKSnifferDemo/Info.plist;
				LD_RUNPATH_SEARCH_PATHS = "$(inherited) @executable_path/Frameworks";
				PRODUCT_BUNDLE_IDENTIFIER = com.baidu.VKSnifferDemo;
				PRODUCT_NAME = "$(TARGET_NAME)";
			};
			name = Release;
		};
/* End XCBuildConfiguration section */

/* Begin XCConfigurationList section */
		6CA85A631E6D538B00FD9EDF /* Build configuration list for PBXProject "VKSnifferDemo" */ = {
			isa = XCConfigurationList;
			buildConfigurations = (
				6CA85A7D1E6D538B00FD9EDF /* Debug */,
				6CA85A7E1E6D538B00FD9EDF /* Release */,
			);
			defaultConfigurationIsVisible = 0;
			defaultConfigurationName = Release;
		};
		6CA85A7F1E6D538B00FD9EDF /* Build configuration list for PBXNativeTarget "VKSnifferDemo" */ = {
			isa = XCConfigurationList;
			buildConfigurations = (
				6CA85A801E6D538B00FD9EDF /* Debug */,
				6CA85A811E6D538B00FD9EDF /* Release */,
			);
			defaultConfigurationIsVisible = 0;
			defaultConfigurationName = Release;
		};
/* End XCConfigurationList section */
	};
	rootObject = 6CA85A601E6D538B00FD9EDF /* Project object */;
}
